
Microsoft Visual Studio Solution File, Format Version 12.00
# Visual Studio Version 17
VisualStudioVersion = 17.12.35506.116
MinimumVisualStudioVersion = 10.0.40219.1
Project("{FAE04EC0-301F-11D3-BF4B-00C04F79EFBC}") = "Shared", "Shared\Shared.csproj", "{BF0019E1-2AAC-4D97-8C4B-9FEFD69A786D}"
EndProject
Project("{FAE04EC0-301F-11D3-BF4B-00C04F79EFBC}") = "Server", "Server\Server.csproj", "{A596C93C-DAD6-4F56-B148-8CB66C19EB70}"
EndProject
Project("{FAE04EC0-301F-11D3-BF4B-00C04F79EFBC}") = "Client", "Client\Client.csproj", "{5BDD2918-C6DB-47BE-AA92-F3C7B9341D21}"
EndProject
Project("{2150E333-8FDC-42A3-9474-1A3956D46DE8}") = "Solution Items", "Solution Items", "{253135D6-E6D1-407F-AC23-A68AA7FCFD81}"
	ProjectSection(SolutionItems) = preProject
		Issues.txt = Issues.txt
	EndProjectSection
EndProject
Global
	GlobalSection(SolutionConfigurationPlatforms) = preSolution
		Debug|Any CPU = Debug|Any CPU
		Release|Any CPU = Release|Any CPU
	EndGlobalSection
	GlobalSection(ProjectConfigurationPlatforms) = postSolution
		{BF0019E1-2AAC-4D97-8C4B-9FEFD69A786D}.Debug|Any CPU.ActiveCfg = Debug|Any CPU
		{BF0019E1-2AAC-4D97-8C4B-9FEFD69A786D}.Debug|Any CPU.Build.0 = Debug|Any CPU
		{BF0019E1-2AAC-4D97-8C4B-9FEFD69A786D}.Release|Any CPU.ActiveCfg = Release|Any CPU
		{BF0019E1-2AAC-4D97-8C4B-9FEFD69A786D}.Release|Any CPU.Build.0 = Release|Any CPU
		{A596C93C-DAD6-4F56-B148-8CB66C19EB70}.Debug|Any CPU.ActiveCfg = Debug|Any CPU
		{A596C93C-DAD6-4F56-B148-8CB66C19EB70}.Debug|Any CPU.Build.0 = Debug|Any CPU
		{A596C93C-DAD6-4F56-B148-8CB66C19EB70}.Release|Any CPU.ActiveCfg = Release|Any CPU
		{A596C93C-DAD6-4F56-B148-8CB66C19EB70}.Release|Any CPU.Build.0 = Release|Any CPU
		{5BDD2918-C6DB-47BE-AA92-F3C7B9341D21}.Debug|Any CPU.ActiveCfg = Debug|Any CPU
		{5BDD2918-C6DB-47BE-AA92-F3C7B9341D21}.Debug|Any CPU.Build.0 = Debug|Any CPU
		{5BDD2918-C6DB-47BE-AA92-F3C7B9341D21}.Release|Any CPU.ActiveCfg = Release|Any CPU
		{5BDD2918-C6DB-47BE-AA92-F3C7B9341D21}.Release|Any CPU.Build.0 = Release|Any CPU
	EndGlobalSection
	GlobalSection(SolutionProperties) = preSolution
		HideSolutionNode = FALSE
	EndGlobalSection
EndGlobal
